
Microsoft Visual Studio Solution File, Format Version 12.00
# Visual Studio Version 17
VisualStudioVersion = 17.13.35828.75 d17.13
MinimumVisualStudioVersion = 10.0.40219.1
Project("{FAE04EC0-301F-11D3-BF4B-00C04F79EFBC}") = "Task1_Demidov", "Task1_Demidov.csproj", "{F1102E3C-BD33-455F-B47A-BCB026058329}"
EndProject
Global
	GlobalSection(SolutionConfigurationPlatforms) = preSolution
		Debug|Any CPU = Debug|Any CPU
		Release|Any CPU = Release|Any CPU
	EndGlobalSection
	GlobalSection(ProjectConfigurationPlatforms) = postSolution
		{F1102E3C-BD33-455F-B47A-BCB026058329}.Debug|Any CPU.ActiveCfg = Debug|Any CPU
		{F1102E3C-BD33-455F-B47A-BCB026058329}.Debug|Any CPU.Build.0 = Debug|Any CPU
		{F1102E3C-BD33-455F-B47A-BCB026058329}.Release|Any CPU.ActiveCfg = Release|Any CPU
		{F1102E3C-BD33-455F-B47A-BCB026058329}.Release|Any CPU.Build.0 = Release|Any CPU
	EndGlobalSection
	GlobalSection(SolutionProperties) = preSolution
		HideSolutionNode = FALSE
	EndGlobalSection
	GlobalSection(ExtensibilityGlobals) = postSolution
		SolutionGuid = {62435BC2-9FDA-4064-B085-143365C621A8}
	EndGlobalSection
EndGlobal
